
Microsoft Visual Studio Solution File, Format Version 12.00
# Visual Studio Version 17
VisualStudioVersion = 17.9.34728.123
MinimumVisualStudioVersion = 10.0.40219.1
Project("{2150E333-8FDC-42A3-9474-1A3956D46DE8}") = "Api", "Api", "{A26843BE-2152-454C-802D-692C91B83BB7}"
EndProject
Project("{2150E333-8FDC-42A3-9474-1A3956D46DE8}") = "Core", "Core", "{382A55AD-690E-4607-9F7A-7CECC3607239}"
EndProject
Project("{FAE04EC0-301F-11D3-BF4B-00C04F79EFBC}") = "DataAccess", "..\DataAccess\DataAccess.csproj", "{99296551-BEA9-4F11-8670-17AE154E2297}"
EndProject
Project("{FAE04EC0-301F-11D3-BF4B-00C04F79EFBC}") = "Business", "..\Business\Business.csproj", "{12B97E97-725F-4923-A22D-E426DBF14F3E}"
EndProject
Project("{FAE04EC0-301F-11D3-BF4B-00C04F79EFBC}") = "API", "..\API\API.csproj", "{DCA9E471-3CBF-4445-8617-73A4D012DE18}"
EndProject
Global
	GlobalSection(SolutionConfigurationPlatforms) = preSolution
		Debug|Any CPU = Debug|Any CPU
		Release|Any CPU = Release|Any CPU
	EndGlobalSection
	GlobalSection(ProjectConfigurationPlatforms) = postSolution
		{99296551-BEA9-4F11-8670-17AE154E2297}.Debug|Any CPU.ActiveCfg = Debug|Any CPU
		{99296551-BEA9-4F11-8670-17AE154E2297}.Debug|Any CPU.Build.0 = Debug|Any CPU
		{99296551-BEA9-4F11-8670-17AE154E2297}.Release|Any CPU.ActiveCfg = Release|Any CPU
		{99296551-BEA9-4F11-8670-17AE154E2297}.Release|Any CPU.Build.0 = Release|Any CPU
		{12B97E97-725F-4923-A22D-E426DBF14F3E}.Debug|Any CPU.ActiveCfg = Debug|Any CPU
		{12B97E97-725F-4923-A22D-E426DBF14F3E}.Debug|Any CPU.Build.0 = Debug|Any CPU
		{12B97E97-725F-4923-A22D-E426DBF14F3E}.Release|Any CPU.ActiveCfg = Release|Any CPU
		{12B97E97-725F-4923-A22D-E426DBF14F3E}.Release|Any CPU.Build.0 = Release|Any CPU
		{DCA9E471-3CBF-4445-8617-73A4D012DE18}.Debug|Any CPU.ActiveCfg = Debug|Any CPU
		{DCA9E471-3CBF-4445-8617-73A4D012DE18}.Debug|Any CPU.Build.0 = Debug|Any CPU
		{DCA9E471-3CBF-4445-8617-73A4D012DE18}.Release|Any CPU.ActiveCfg = Release|Any CPU
		{DCA9E471-3CBF-4445-8617-73A4D012DE18}.Release|Any CPU.Build.0 = Release|Any CPU
	EndGlobalSection
	GlobalSection(SolutionProperties) = preSolution
		HideSolutionNode = FALSE
	EndGlobalSection
	GlobalSection(NestedProjects) = preSolution
		{99296551-BEA9-4F11-8670-17AE154E2297} = {382A55AD-690E-4607-9F7A-7CECC3607239}
		{12B97E97-725F-4923-A22D-E426DBF14F3E} = {382A55AD-690E-4607-9F7A-7CECC3607239}
		{DCA9E471-3CBF-4445-8617-73A4D012DE18} = {A26843BE-2152-454C-802D-692C91B83BB7}
	EndGlobalSection
	GlobalSection(ExtensibilityGlobals) = postSolution
		SolutionGuid = {8A6BD5D6-8A73-4B22-BE81-E094F2735DFE}
	EndGlobalSection
EndGlobal
